
Microsoft Visual Studio Solution File, Format Version 12.00
# Visual Studio 15
VisualStudioVersion = 15.0.27004.2006
MinimumVisualStudioVersion = 10.0.40219.1
Project("{FAE04EC0-301F-11D3-BF4B-00C04F79EFBC}") = "VantageGA", "VantageGA\VantageGA.csproj", "{356626FF-FD4D-46D7-956D-4088C4F9A061}"
EndProject
Global
	GlobalSection(SolutionConfigurationPlatforms) = preSolution
		Debug|Any CPU = Debug|Any CPU
		Release|Any CPU = Release|Any CPU
	EndGlobalSection
	GlobalSection(ProjectConfigurationPlatforms) = postSolution
		{356626FF-FD4D-46D7-956D-4088C4F9A061}.Debug|Any CPU.ActiveCfg = Debug|Any CPU
		{356626FF-FD4D-46D7-956D-4088C4F9A061}.Debug|Any CPU.Build.0 = Debug|Any CPU
		{356626FF-FD4D-46D7-956D-4088C4F9A061}.Release|Any CPU.ActiveCfg = Release|Any CPU
		{356626FF-FD4D-46D7-956D-4088C4F9A061}.Release|Any CPU.Build.0 = Release|Any CPU
	EndGlobalSection
	GlobalSection(SolutionProperties) = preSolution
		HideSolutionNode = FALSE
	EndGlobalSection
	GlobalSection(ExtensibilityGlobals) = postSolution
		SolutionGuid = {5B5DFB26-FF06-4708-8697-BEE64D008238}
	EndGlobalSection
EndGlobal
